
Microsoft Visual Studio Solution File, Format Version 12.00
# Visual Studio Version 17
VisualStudioVersion = 17.8.34330.188
MinimumVisualStudioVersion = 10.0.40219.1
Project("{FAE04EC0-301F-11D3-BF4B-00C04F79EFBC}") = "PostSharp.Demo", "PostSharp.Demo.csproj", "{ACF2193D-1D4C-42CD-A3FD-F56FDE6B68DE}"
EndProject
Global
	GlobalSection(SolutionConfigurationPlatforms) = preSolution
		Debug|Any CPU = Debug|Any CPU
		Release|Any CPU = Release|Any CPU
	EndGlobalSection
	GlobalSection(ProjectConfigurationPlatforms) = postSolution
		{ACF2193D-1D4C-42CD-A3FD-F56FDE6B68DE}.Debug|Any CPU.ActiveCfg = Debug|Any CPU
		{ACF2193D-1D4C-42CD-A3FD-F56FDE6B68DE}.Debug|Any CPU.Build.0 = Debug|Any CPU
		{ACF2193D-1D4C-42CD-A3FD-F56FDE6B68DE}.Release|Any CPU.ActiveCfg = Release|Any CPU
		{ACF2193D-1D4C-42CD-A3FD-F56FDE6B68DE}.Release|Any CPU.Build.0 = Release|Any CPU
	EndGlobalSection
	GlobalSection(SolutionProperties) = preSolution
		HideSolutionNode = FALSE
	EndGlobalSection
	GlobalSection(ExtensibilityGlobals) = postSolution
		SolutionGuid = {E7660B73-73AA-4C02-801C-5A0790FACDB1}
	EndGlobalSection
EndGlobal
